<?xml version="1.0" encoding="utf-8"?>
<Project ToolsVersion="4.0" xmlns="http://schemas.microsoft.com/developer/msbuild/2003">
  <ItemGroup>
    <Filter Include="Nugget">
      <UniqueIdentifier>{6FD750C6-5B79-7B9C-4434-8FF0307502ED}</UniqueIdentifier>
    </Filter>
  </ItemGroup>
  <ItemGroup>
    <ClInclude Include="src\Nugget.h" />
    <ClInclude Include="src\Nugget\Application.h">
      <Filter>Nugget</Filter>
    </ClInclude>
    <ClInclude Include="src\Nugget\Core.h">
      <Filter>Nugget</Filter>
    </ClInclude>
    <ClInclude Include="src\Nugget\EntryPoint.h">
      <Filter>Nugget</Filter>
    </ClInclude>
    <ClInclude Include="src\Nugget\Log.h">
      <Filter>Nugget</Filter>
    </ClInclude>
  </ItemGroup>
  <ItemGroup>
    <ClCompile Include="src\Nugget\Application.cpp">
      <Filter>Nugget</Filter>
    </ClCompile>
    <ClCompile Include="src\Nugget\Log.cpp">
      <Filter>Nugget</Filter>
    </ClCompile>
  </ItemGroup>
</Project>