
Microsoft Visual Studio Solution File, Format Version 12.00
# Visual Studio Version 16
VisualStudioVersion = 16.0.30309.148
MinimumVisualStudioVersion = 10.0.40219.1
Project("{8BC9CEB8-8B4A-11D0-8D11-00A0C91BC942}") = "Sandbox", "Sandbox\Sandbox.vcxproj", "{00551F77-06E8-4C35-A25B-979BEB8BA879}"
EndProject
Project("{8BC9CEB8-8B4A-11D0-8D11-00A0C91BC942}") = "Nugget", "Nugget\Nugget.vcxproj", "{BB041A3E-378E-4137-8B2D-7F7A260EA4DF}"
EndProject
Global
	GlobalSection(SolutionConfigurationPlatforms) = preSolution
		Debug|x64 = Debug|x64
		Release|x64 = Release|x64
	EndGlobalSection
	GlobalSection(ProjectConfigurationPlatforms) = postSolution
		{BB041A3E-378E-4137-8B2D-7F7A260EA4DF}.Debug|x64.ActiveCfg = Debug|x64
		{BB041A3E-378E-4137-8B2D-7F7A260EA4DF}.Debug|x64.Build.0 = Debug|x64
		{BB041A3E-378E-4137-8B2D-7F7A260EA4DF}.Release|x64.ActiveCfg = Release|x64
		{BB041A3E-378E-4137-8B2D-7F7A260EA4DF}.Release|x64.Build.0 = Release|x64
		{00551F77-06E8-4C35-A25B-979BEB8BA879}.Debug|x64.ActiveCfg = Debug|x64
		{00551F77-06E8-4C35-A25B-979BEB8BA879}.Debug|x64.Build.0 = Debug|x64
		{00551F77-06E8-4C35-A25B-979BEB8BA879}.Release|x64.ActiveCfg = Release|x64
		{00551F77-06E8-4C35-A25B-979BEB8BA879}.Release|x64.Build.0 = Release|x64
	EndGlobalSection
	GlobalSection(SolutionProperties) = preSolution
		HideSolutionNode = FALSE
	EndGlobalSection
	GlobalSection(ExtensibilityGlobals) = postSolution
		SolutionGuid = {6BB22D69-979B-49E8-9C8B-F3ADBC4838F3}
	EndGlobalSection
EndGlobal
